PODS:
  - Flutter (1.0.0)
  - flutter_step_count (0.0.1):
    - Flutter

DEPENDENCIES:
  - Flutter (from `.symlinks/flutter/ios`)
  - flutter_step_count (from `.symlinks/plugins/flutter_step_count/ios`)

EXTERNAL SOURCES:
  Flutter:
    :path: ".symlinks/flutter/ios"
  flutter_step_count:
    :path: ".symlinks/plugins/flutter_step_count/ios"

SPEC CHECKSUMS:
  Flutter: 9d0fac939486c9aba2809b7982dfdbb47a7b0296
  flutter_step_count: 551a865d901f2a7a3e2ae9e000f94f9aafa260e3

PODFILE CHECKSUM: aff02bfeed411c636180d6812254b2daeea14d09

COCOAPODS: 1.5.3
